github.com/wyatt915/treeblood v0.1.10 h1:QXiPukpVgVLnjQZ4jD/mMIsisvlzNT2X11AG9WD2688=
github.com/wyatt915/treeblood v0.1.10/go.mod h1:wQmihhy7SYtGTnq5MxgNfxoaNW+ULr8oWPJJMreH4p8=
github.com/wyatt915/treeblood v0.1.13 h1:uZu36eXIlmuj8YL5gwgMdQVxblF4dtjuOzpyjpE1waI=
github.com/wyatt915/treeblood v0.1.13/go.mod h1:wQmihhy7SYtGTnq5MxgNfxoaNW+ULr8oWPJJMreH4p8=
github.com/yuin/goldmark v1.7.12 h1:YwGP/rrea2/CnCtUHgjuolG/PnMxdQtPMO5PvaE2/nY=
github.com/yuin/goldmark v1.7.12/go.mod h1:ip/1k0VRfGynBgxOz0yCqHrbZXhcjxyuS66Brc7iBKg=
