github.com/wyatt915/treeblood v0.1.9 h1:Og02L2cx6RH7X+pimhwM522w69DFfqLvoAxfYUf9Ln0=
github.com/wyatt915/treeblood v0.1.9/go.mod h1:wQmihhy7SYtGTnq5MxgNfxoaNW+ULr8oWPJJMreH4p8=
github.com/yuin/goldmark v1.7.12 h1:YwGP/rrea2/CnCtUHgjuolG/PnMxdQtPMO5PvaE2/nY=
github.com/yuin/goldmark v1.7.12/go.mod h1:ip/1k0VRfGynBgxOz0yCqHrbZXhcjxyuS66Brc7iBKg=
